
Microsoft Visual Studio Solution File, Format Version 12.00
# Visual Studio 14
VisualStudioVersion = 14.0.23107.0
MinimumVisualStudioVersion = 10.0.40219.1
Project("{FAE04EC0-301F-11D3-BF4B-00C04F79EFBC}") = "Tanji", "Tanji\Tanji.csproj", "{C47F4DAB-ED63-4E36-AA49-A843EFE6D0C8}"
EndProject
Project("{FAE04EC0-301F-11D3-BF4B-00C04F79EFBC}") = "Sulakore", "..\Sulakore\Sulakore\Sulakore.csproj", "{15E841EC-2411-4F1B-A3EE-07E86CDB32C7}"
EndProject
Project("{FAE04EC0-301F-11D3-BF4B-00C04F79EFBC}") = "Eavesdrop", "..\Eavesdrop\Eavesdrop\Eavesdrop.csproj", "{08316AC1-5CBD-4443-9D73-0114C9C107F3}"
EndProject
Project("{FAE04EC0-301F-11D3-BF4B-00C04F79EFBC}") = "FlashInspect", "..\FlashInspect\FlashInspect\FlashInspect.csproj", "{EBEE07E0-BF46-424C-BB55-A86C0B78D7A5}"
EndProject
Project("{2150E333-8FDC-42A3-9474-1A3956D46DE8}") = "Extensions", "Extensions", "{C01F49AE-A4BC-4262-A60B-3B592C3D7C3D}"
EndProject
Project("{FAE04EC0-301F-11D3-BF4B-00C04F79EFBC}") = "Example", "Example\Example.csproj", "{09CCB12D-3263-499E-A1BC-9293391F53D5}"
EndProject
Global
	GlobalSection(SolutionConfigurationPlatforms) = preSolution
		Debug|Any CPU = Debug|Any CPU
		Release|Any CPU = Release|Any CPU
	EndGlobalSection
	GlobalSection(ProjectConfigurationPlatforms) = postSolution
		{C47F4DAB-ED63-4E36-AA49-A843EFE6D0C8}.Debug|Any CPU.ActiveCfg = Debug|Any CPU
		{C47F4DAB-ED63-4E36-AA49-A843EFE6D0C8}.Debug|Any CPU.Build.0 = Debug|Any CPU
		{C47F4DAB-ED63-4E36-AA49-A843EFE6D0C8}.Release|Any CPU.ActiveCfg = Release|Any CPU
		{C47F4DAB-ED63-4E36-AA49-A843EFE6D0C8}.Release|Any CPU.Build.0 = Release|Any CPU
		{15E841EC-2411-4F1B-A3EE-07E86CDB32C7}.Debug|Any CPU.ActiveCfg = Debug|Any CPU
		{15E841EC-2411-4F1B-A3EE-07E86CDB32C7}.Debug|Any CPU.Build.0 = Debug|Any CPU
		{15E841EC-2411-4F1B-A3EE-07E86CDB32C7}.Release|Any CPU.ActiveCfg = Release|Any CPU
		{15E841EC-2411-4F1B-A3EE-07E86CDB32C7}.Release|Any CPU.Build.0 = Release|Any CPU
		{08316AC1-5CBD-4443-9D73-0114C9C107F3}.Debug|Any CPU.ActiveCfg = Debug|Any CPU
		{08316AC1-5CBD-4443-9D73-0114C9C107F3}.Debug|Any CPU.Build.0 = Debug|Any CPU
		{08316AC1-5CBD-4443-9D73-0114C9C107F3}.Release|Any CPU.ActiveCfg = Release|Any CPU
		{08316AC1-5CBD-4443-9D73-0114C9C107F3}.Release|Any CPU.Build.0 = Release|Any CPU
		{EBEE07E0-BF46-424C-BB55-A86C0B78D7A5}.Debug|Any CPU.ActiveCfg = Debug|Any CPU
		{EBEE07E0-BF46-424C-BB55-A86C0B78D7A5}.Debug|Any CPU.Build.0 = Debug|Any CPU
		{EBEE07E0-BF46-424C-BB55-A86C0B78D7A5}.Release|Any CPU.ActiveCfg = Release|Any CPU
		{EBEE07E0-BF46-424C-BB55-A86C0B78D7A5}.Release|Any CPU.Build.0 = Release|Any CPU
		{09CCB12D-3263-499E-A1BC-9293391F53D5}.Debug|Any CPU.ActiveCfg = Debug|Any CPU
		{09CCB12D-3263-499E-A1BC-9293391F53D5}.Debug|Any CPU.Build.0 = Debug|Any CPU
		{09CCB12D-3263-499E-A1BC-9293391F53D5}.Release|Any CPU.ActiveCfg = Release|Any CPU
		{09CCB12D-3263-499E-A1BC-9293391F53D5}.Release|Any CPU.Build.0 = Release|Any CPU
	EndGlobalSection
	GlobalSection(SolutionProperties) = preSolution
		HideSolutionNode = FALSE
	EndGlobalSection
	GlobalSection(NestedProjects) = preSolution
		{09CCB12D-3263-499E-A1BC-9293391F53D5} = {C01F49AE-A4BC-4262-A60B-3B592C3D7C3D}
	EndGlobalSection
EndGlobal
